
Microsoft Visual Studio Solution File, Format Version 12.00
# Visual Studio Version 17
VisualStudioVersion = 17.6.33723.286
MinimumVisualStudioVersion = 10.0.40219.1
Project("{9A19103F-16F7-4668-BE54-9A1E7A4F7556}") = "DataAccessObjects", "DataAccessObjects\DataAccessObjects.csproj", "{4428154C-B080-4D1F-92EC-B10F241D6F74}"
EndProject
Project("{9A19103F-16F7-4668-BE54-9A1E7A4F7556}") = "Repositories", "Repositories\Repositories.csproj", "{BB2A9BB9-4F32-47B6-8EFB-2F3515317CEE}"
EndProject
Project("{9A19103F-16F7-4668-BE54-9A1E7A4F7556}") = "BTSManagementWinApp", "BTSManagementWinApp\BTSManagementWinApp.csproj", "{313961FC-C04A-4AD0-A814-D1B247A2E9EA}"
EndProject
Project("{FAE04EC0-301F-11D3-BF4B-00C04F79EFBC}") = "BussinessObjects", "BusinessObject\BussinessObjects.csproj", "{316B32BB-DC6C-49D7-AB73-DC63848D95B8}"
EndProject
Global
	GlobalSection(SolutionConfigurationPlatforms) = preSolution
		Debug|Any CPU = Debug|Any CPU
		Release|Any CPU = Release|Any CPU
	EndGlobalSection
	GlobalSection(ProjectConfigurationPlatforms) = postSolution
		{4428154C-B080-4D1F-92EC-B10F241D6F74}.Debug|Any CPU.ActiveCfg = Debug|Any CPU
		{4428154C-B080-4D1F-92EC-B10F241D6F74}.Debug|Any CPU.Build.0 = Debug|Any CPU
		{4428154C-B080-4D1F-92EC-B10F241D6F74}.Release|Any CPU.ActiveCfg = Release|Any CPU
		{4428154C-B080-4D1F-92EC-B10F241D6F74}.Release|Any CPU.Build.0 = Release|Any CPU
		{BB2A9BB9-4F32-47B6-8EFB-2F3515317CEE}.Debug|Any CPU.ActiveCfg = Debug|Any CPU
		{BB2A9BB9-4F32-47B6-8EFB-2F3515317CEE}.Debug|Any CPU.Build.0 = Debug|Any CPU
		{BB2A9BB9-4F32-47B6-8EFB-2F3515317CEE}.Release|Any CPU.ActiveCfg = Release|Any CPU
		{BB2A9BB9-4F32-47B6-8EFB-2F3515317CEE}.Release|Any CPU.Build.0 = Release|Any CPU
		{313961FC-C04A-4AD0-A814-D1B247A2E9EA}.Debug|Any CPU.ActiveCfg = Debug|Any CPU
		{313961FC-C04A-4AD0-A814-D1B247A2E9EA}.Debug|Any CPU.Build.0 = Debug|Any CPU
		{313961FC-C04A-4AD0-A814-D1B247A2E9EA}.Release|Any CPU.ActiveCfg = Release|Any CPU
		{313961FC-C04A-4AD0-A814-D1B247A2E9EA}.Release|Any CPU.Build.0 = Release|Any CPU
		{316B32BB-DC6C-49D7-AB73-DC63848D95B8}.Debug|Any CPU.ActiveCfg = Debug|Any CPU
		{316B32BB-DC6C-49D7-AB73-DC63848D95B8}.Debug|Any CPU.Build.0 = Debug|Any CPU
		{316B32BB-DC6C-49D7-AB73-DC63848D95B8}.Release|Any CPU.ActiveCfg = Release|Any CPU
		{316B32BB-DC6C-49D7-AB73-DC63848D95B8}.Release|Any CPU.Build.0 = Release|Any CPU
	EndGlobalSection
	GlobalSection(SolutionProperties) = preSolution
		HideSolutionNode = FALSE
	EndGlobalSection
	GlobalSection(ExtensibilityGlobals) = postSolution
		SolutionGuid = {C22C5B2B-0650-4120-96F8-596C9C89861A}
	EndGlobalSection
EndGlobal
